
Microsoft Visual Studio Solution File, Format Version 12.00
# Visual Studio Version 17
VisualStudioVersion = 17.9.34728.123
MinimumVisualStudioVersion = 10.0.40219.1
Project("{FAE04EC0-301F-11D3-BF4B-00C04F79EFBC}") = "math-operation", "math-operation\math-operation.csproj", "{8C75CBE2-F159-49CF-B366-309D2DF4EBD3}"
EndProject
Global
	GlobalSection(SolutionConfigurationPlatforms) = preSolution
		Debug|Any CPU = Debug|Any CPU
		Release|Any CPU = Release|Any CPU
	EndGlobalSection
	GlobalSection(ProjectConfigurationPlatforms) = postSolution
		{8C75CBE2-F159-49CF-B366-309D2DF4EBD3}.Debug|Any CPU.ActiveCfg = Debug|Any CPU
		{8C75CBE2-F159-49CF-B366-309D2DF4EBD3}.Debug|Any CPU.Build.0 = Debug|Any CPU
		{8C75CBE2-F159-49CF-B366-309D2DF4EBD3}.Release|Any CPU.ActiveCfg = Release|Any CPU
		{8C75CBE2-F159-49CF-B366-309D2DF4EBD3}.Release|Any CPU.Build.0 = Release|Any CPU
	EndGlobalSection
	GlobalSection(SolutionProperties) = preSolution
		HideSolutionNode = FALSE
	EndGlobalSection
	GlobalSection(ExtensibilityGlobals) = postSolution
		SolutionGuid = {297190C7-D2BA-4419-8725-97995ECC41F6}
	EndGlobalSection
EndGlobal
